{
  "name": "defAsm",
  "lockfileVersion": 2,
  "requires": true,
  "packages": {
    "": {
      "dependencies": {
        "@codemirror/closebrackets": "^0.18.0",
        "@codemirror/commands": "^0.18.2",
        "@codemirror/gutter": "^0.18.2",
        "@codemirror/history": "^0.18.1",
        "@defasm/codemirror": "file:codemirror",
        "@defasm/core": "file:core",
        "esbuild": "^0.11.18"
      }
    },
    "codemirror": {
      "name": "@defasm/codemirror",
      "version": "1.1.3",
      "license": "ISC",
      "dependencies": {
        "@codemirror/highlight": "",
        "@codemirror/language": "",
        "@codemirror/tooltip": "",
        "@codemirror/view": "",
        "@defasm/core": "",
        "lezer-generator": ""
      }
    },
    "core": {
      "name": "@defasm/core",
      "version": "1.4.4",
      "license": "ISC",
      "bin": {
        "defasm": "main.js"
      }
    },
    "node_modules/@codemirror/closebrackets": {
      "version": "0.18.0",
      "resolved": "https://registry.npmjs.org/@codemirror/closebrackets/-/closebrackets-0.18.0.tgz",
      "integrity": "sha512-O1RAgUkzF4nq/B8IyXenZKZ1rJi2Mc7I6y4IhWhELiTnjyQy7YdAthTsJ40mNr8kZ6gRbasYe3K7TraITElZJA==",
      "dependencies": {
        "@codemirror/language": "^0.18.0",
        "@codemirror/rangeset": "^0.18.0",
        "@codemirror/state": "^0.18.0",
        "@codemirror/text": "^0.18.0",
        "@codemirror/view": "^0.18.0"
      }
    },
    "node_modules/@codemirror/commands": {
      "version": "0.18.2",
      "resolved": "https://registry.npmjs.org/@codemirror/commands/-/commands-0.18.2.tgz",
      "integrity": "sha512-NeIpsQe5yUIhG7sD1HPaw/9TO5V7miMKwGwhT/0tkgkmgnMtJcgnguM1gjaUlaZ09BBJO6s61D8JHNDUvBI6tA==",
      "dependencies": {
        "@codemirror/language": "^0.18.0",
        "@codemirror/matchbrackets": "^0.18.0",
        "@codemirror/state": "^0.18.0",
        "@codemirror/text": "^0.18.0",
        "@codemirror/view": "^0.18.0",
        "lezer-tree": "^0.13.0"
      }
    },
    "node_modules/@codemirror/gutter": {
      "version": "0.18.3",
      "resolved": "https://registry.npmjs.org/@codemirror/gutter/-/gutter-0.18.3.tgz",
      "integrity": "sha512-9ZLpR3s3MCPtB5fpRAy8af89GjO763XB4GE4HLBnESS7E1CHAuHFSTyd/ZqKHZogueF1mJhv9IQnCamEYcNMQw==",
      "dependencies": {
        "@codemirror/rangeset": "^0.18.0",
        "@codemirror/state": "^0.18.0",
        "@codemirror/view": "^0.18.0"
      }
    },
    "node_modules/@codemirror/highlight": {
      "version": "0.18.4",
      "resolved": "https://registry.npmjs.org/@codemirror/highlight/-/highlight-0.18.4.tgz",
      "integrity": "sha512-3azJntqWrShOIq/0kVcdMc9k7ACL0LQErgK+A6aWXmCj5Mx0gShq+Iajy8AMQ2zB0v3nhCBgFaniL1LLD5m5hQ==",
      "dependencies": {
        "@codemirror/language": "^0.18.0",
        "@codemirror/rangeset": "^0.18.0",
        "@codemirror/state": "^0.18.0",
        "@codemirror/view": "^0.18.0",
        "lezer-tree": "^0.13.0",
        "style-mod": "^4.0.0"
      }
    },
    "node_modules/@codemirror/history": {
      "version": "0.18.1",
      "resolved": "https://registry.npmjs.org/@codemirror/history/-/history-0.18.1.tgz",
      "integrity": "sha512-Aad3p4zs6UYKCUMXYjh7cvPK0ajuL+rMib9yBZ61w81LLl6OkM31Xrn9J6CLJmPxCwP3OJFiqBmNSBQ05oIsTw==",
      "dependencies": {
        "@codemirror/state": "^0.18.3",
        "@codemirror/view": "^0.18.0"
      }
    },
    "node_modules/@codemirror/language": {
      "version": "0.18.1",
      "resolved": "https://registry.npmjs.org/@codemirror/language/-/language-0.18.1.tgz",
      "integrity": "sha512-j/TWV8sNmzU79kk/hPLb9NqSPoH59850kQSpgY11LxOEBlKVRKgaWabgNtUCSeVCAnfisGekupk3aq2ftILqug==",
      "dependencies": {
        "@codemirror/state": "^0.18.0",
        "@codemirror/text": "^0.18.0",
        "@codemirror/view": "^0.18.0",
        "lezer": "^0.13.4",
        "lezer-tree": "^0.13.0"
      }
    },
    "node_modules/@codemirror/matchbrackets": {
      "version": "0.18.0",
      "resolved": "https://registry.npmjs.org/@codemirror/matchbrackets/-/matchbrackets-0.18.0.tgz",
      "integrity": "sha512-dPDopnZVkD54sSYdmQbyQbPdiuIA83p7XxX6Hp1ScEkOjukwCiFXiA/84x10FUTsQpUYp8bDzm7gwII119bGIw==",
      "dependencies": {
        "@codemirror/language": "^0.18.0",
        "@codemirror/state": "^0.18.0",
        "@codemirror/view": "^0.18.0",
        "lezer-tree": "^0.13.0"
      }
    },
    "node_modules/@codemirror/rangeset": {
      "version": "0.18.2",
      "resolved": "https://registry.npmjs.org/@codemirror/rangeset/-/rangeset-0.18.2.tgz",
      "integrity": "sha512-rXXuSLlsbtHDKVx9xvP6jGOcjk4fXHZuIr9//ccKYqrCG5RRBvwzcdNTCi1H9tXzBwj5xA4nmDe8fCi6GCAzLw==",
      "dependencies": {
        "@codemirror/state": "^0.18.0"
      }
    },
    "node_modules/@codemirror/state": {
      "version": "0.18.7",
      "resolved": "https://registry.npmjs.org/@codemirror/state/-/state-0.18.7.tgz",
      "integrity": "sha512-cVyTiAC9vv90NKmGOfNtBjyIem3BqKui1L5Hfcxurp8K9votQj2oH9COcgWPnQ2Xs64yC70tEuTt9DF1pj5PFQ==",
      "dependencies": {
        "@codemirror/text": "^0.18.0"
      }
    },
    "node_modules/@codemirror/text": {
      "version": "0.18.0",
      "resolved": "https://registry.npmjs.org/@codemirror/text/-/text-0.18.0.tgz",
      "integrity": "sha512-HMzHNIAbjCiCf3tEJMRg6ul01KPuXxQGNiHlHgAnqPguq/CX+L4Nvj5JlWQAI91Pupk18zhmM1c6eaazX4YeTg=="
    },
    "node_modules/@codemirror/tooltip": {
      "version": "0.18.4",
      "resolved": "https://registry.npmjs.org/@codemirror/tooltip/-/tooltip-0.18.4.tgz",
      "integrity": "sha512-LDlDOSEfjoG24uapLN7exK3Z3JchYFKUwWqo1x/9YdlAkmD1ik7cMSQZboCquP1uJVcXhtbpKmaO6vENGVaarg==",
      "dependencies": {
        "@codemirror/state": "^0.18.0",
        "@codemirror/view": "^0.18.0"
      }
    },
    "node_modules/@codemirror/view": {
      "version": "0.18.14",
      "resolved": "https://registry.npmjs.org/@codemirror/view/-/view-0.18.14.tgz",
      "integrity": "sha512-b83favt2XtbV343wzmY4e5lTwYBdpklFZ31jJ/SDGixx6Yj5xTgZd6NU6jkK/XOT40D1rcRoKcQfFbbpjLG1SA==",
      "dependencies": {
        "@codemirror/rangeset": "^0.18.2",
        "@codemirror/state": "^0.18.0",
        "@codemirror/text": "^0.18.0",
        "style-mod": "^4.0.0",
        "w3c-keyname": "^2.2.4"
      }
    },
    "node_modules/@defasm/codemirror": {
      "resolved": "codemirror",
      "link": true
    },
    "node_modules/@defasm/core": {
      "resolved": "core",
      "link": true
    },
    "node_modules/esbuild": {
      "version": "0.11.23",
      "resolved": "https://registry.npmjs.org/esbuild/-/esbuild-0.11.23.tgz",
      "integrity": "sha512-iaiZZ9vUF5wJV8ob1tl+5aJTrwDczlvGP0JoMmnpC2B0ppiMCu8n8gmy5ZTGl5bcG081XBVn+U+jP+mPFm5T5Q==",
      "hasInstallScript": true,
      "bin": {
        "esbuild": "bin/esbuild"
      }
    },
    "node_modules/lezer": {
      "version": "0.13.5",
      "resolved": "https://registry.npmjs.org/lezer/-/lezer-0.13.5.tgz",
      "integrity": "sha512-cAiMQZGUo2BD8mpcz7Nv1TlKzWP7YIdIRrX41CiP5bk5t4GHxskOxWUx2iAOuHlz8dO+ivbuXr0J1bfHsWD+lQ==",
      "dependencies": {
        "lezer-tree": "^0.13.2"
      }
    },
    "node_modules/lezer-generator": {
      "version": "0.13.4",
      "resolved": "https://registry.npmjs.org/lezer-generator/-/lezer-generator-0.13.4.tgz",
      "integrity": "sha512-pTWxEgw6U41jM/IwMbhPBPonrcQV5YYL3XoY4QPR7ibOjgo2RaF4wVrdabN1ILtBbGvtHZekTGyrbsqfKnMHMA==",
      "dependencies": {
        "lezer": "^0.13.2"
      },
      "bin": {
        "lezer-generator": "dist/lezer-generator.cjs"
      }
    },
    "node_modules/lezer-tree": {
      "version": "0.13.2",
      "resolved": "https://registry.npmjs.org/lezer-tree/-/lezer-tree-0.13.2.tgz",
      "integrity": "sha512-15ZxW8TxVNAOkHIo43Iouv4zbSkQQ5chQHBpwXcD2bBFz46RB4jYLEEww5l1V0xyIx9U2clSyyrLes+hAUFrGQ=="
    },
    "node_modules/style-mod": {
      "version": "4.0.0",
      "resolved": "https://registry.npmjs.org/style-mod/-/style-mod-4.0.0.tgz",
      "integrity": "sha512-OPhtyEjyyN9x3nhPsu76f52yUGXiZcgvsrFVtvTkyGRQJ0XK+GPc6ov1z+lRpbeabka+MYEQxOYRnt5nF30aMw=="
    },
    "node_modules/w3c-keyname": {
      "version": "2.2.4",
      "resolved": "https://registry.npmjs.org/w3c-keyname/-/w3c-keyname-2.2.4.tgz",
      "integrity": "sha512-tOhfEwEzFLJzf6d1ZPkYfGj+FWhIpBux9ppoP3rlclw3Z0BZv3N7b7030Z1kYth+6rDuAsXUFr+d0VE6Ed1ikw=="
    }
  },
  "dependencies": {
    "@codemirror/closebrackets": {
      "version": "0.18.0",
      "resolved": "https://registry.npmjs.org/@codemirror/closebrackets/-/closebrackets-0.18.0.tgz",
      "integrity": "sha512-O1RAgUkzF4nq/B8IyXenZKZ1rJi2Mc7I6y4IhWhELiTnjyQy7YdAthTsJ40mNr8kZ6gRbasYe3K7TraITElZJA==",
      "requires": {
        "@codemirror/language": "^0.18.0",
        "@codemirror/rangeset": "^0.18.0",
        "@codemirror/state": "^0.18.0",
        "@codemirror/text": "^0.18.0",
        "@codemirror/view": "^0.18.0"
      }
    },
    "@codemirror/commands": {
      "version": "0.18.2",
      "resolved": "https://registry.npmjs.org/@codemirror/commands/-/commands-0.18.2.tgz",
      "integrity": "sha512-NeIpsQe5yUIhG7sD1HPaw/9TO5V7miMKwGwhT/0tkgkmgnMtJcgnguM1gjaUlaZ09BBJO6s61D8JHNDUvBI6tA==",
      "requires": {
        "@codemirror/language": "^0.18.0",
        "@codemirror/matchbrackets": "^0.18.0",
        "@codemirror/state": "^0.18.0",
        "@codemirror/text": "^0.18.0",
        "@codemirror/view": "^0.18.0",
        "lezer-tree": "^0.13.0"
      }
    },
    "@codemirror/gutter": {
      "version": "0.18.3",
      "resolved": "https://registry.npmjs.org/@codemirror/gutter/-/gutter-0.18.3.tgz",
      "integrity": "sha512-9ZLpR3s3MCPtB5fpRAy8af89GjO763XB4GE4HLBnESS7E1CHAuHFSTyd/ZqKHZogueF1mJhv9IQnCamEYcNMQw==",
      "requires": {
        "@codemirror/rangeset": "^0.18.0",
        "@codemirror/state": "^0.18.0",
        "@codemirror/view": "^0.18.0"
      }
    },
    "@codemirror/highlight": {
      "version": "0.18.4",
      "resolved": "https://registry.npmjs.org/@codemirror/highlight/-/highlight-0.18.4.tgz",
      "integrity": "sha512-3azJntqWrShOIq/0kVcdMc9k7ACL0LQErgK+A6aWXmCj5Mx0gShq+Iajy8AMQ2zB0v3nhCBgFaniL1LLD5m5hQ==",
      "requires": {
        "@codemirror/language": "^0.18.0",
        "@codemirror/rangeset": "^0.18.0",
        "@codemirror/state": "^0.18.0",
        "@codemirror/view": "^0.18.0",
        "lezer-tree": "^0.13.0",
        "style-mod": "^4.0.0"
      }
    },
    "@codemirror/history": {
      "version": "0.18.1",
      "resolved": "https://registry.npmjs.org/@codemirror/history/-/history-0.18.1.tgz",
      "integrity": "sha512-Aad3p4zs6UYKCUMXYjh7cvPK0ajuL+rMib9yBZ61w81LLl6OkM31Xrn9J6CLJmPxCwP3OJFiqBmNSBQ05oIsTw==",
      "requires": {
        "@codemirror/state": "^0.18.3",
        "@codemirror/view": "^0.18.0"
      }
    },
    "@codemirror/language": {
      "version": "0.18.1",
      "resolved": "https://registry.npmjs.org/@codemirror/language/-/language-0.18.1.tgz",
      "integrity": "sha512-j/TWV8sNmzU79kk/hPLb9NqSPoH59850kQSpgY11LxOEBlKVRKgaWabgNtUCSeVCAnfisGekupk3aq2ftILqug==",
      "requires": {
        "@codemirror/state": "^0.18.0",
        "@codemirror/text": "^0.18.0",
        "@codemirror/view": "^0.18.0",
        "lezer": "^0.13.4",
        "lezer-tree": "^0.13.0"
      }
    },
    "@codemirror/matchbrackets": {
      "version": "0.18.0",
      "resolved": "https://registry.npmjs.org/@codemirror/matchbrackets/-/matchbrackets-0.18.0.tgz",
      "integrity": "sha512-dPDopnZVkD54sSYdmQbyQbPdiuIA83p7XxX6Hp1ScEkOjukwCiFXiA/84x10FUTsQpUYp8bDzm7gwII119bGIw==",
      "requires": {
        "@codemirror/language": "^0.18.0",
        "@codemirror/state": "^0.18.0",
        "@codemirror/view": "^0.18.0",
        "lezer-tree": "^0.13.0"
      }
    },
    "@codemirror/rangeset": {
      "version": "0.18.2",
      "resolved": "https://registry.npmjs.org/@codemirror/rangeset/-/rangeset-0.18.2.tgz",
      "integrity": "sha512-rXXuSLlsbtHDKVx9xvP6jGOcjk4fXHZuIr9//ccKYqrCG5RRBvwzcdNTCi1H9tXzBwj5xA4nmDe8fCi6GCAzLw==",
      "requires": {
        "@codemirror/state": "^0.18.0"
      }
    },
    "@codemirror/state": {
      "version": "0.18.7",
      "resolved": "https://registry.npmjs.org/@codemirror/state/-/state-0.18.7.tgz",
      "integrity": "sha512-cVyTiAC9vv90NKmGOfNtBjyIem3BqKui1L5Hfcxurp8K9votQj2oH9COcgWPnQ2Xs64yC70tEuTt9DF1pj5PFQ==",
      "requires": {
        "@codemirror/text": "^0.18.0"
      }
    },
    "@codemirror/text": {
      "version": "0.18.0",
      "resolved": "https://registry.npmjs.org/@codemirror/text/-/text-0.18.0.tgz",
      "integrity": "sha512-HMzHNIAbjCiCf3tEJMRg6ul01KPuXxQGNiHlHgAnqPguq/CX+L4Nvj5JlWQAI91Pupk18zhmM1c6eaazX4YeTg=="
    },
    "@codemirror/tooltip": {
      "version": "0.18.4",
      "resolved": "https://registry.npmjs.org/@codemirror/tooltip/-/tooltip-0.18.4.tgz",
      "integrity": "sha512-LDlDOSEfjoG24uapLN7exK3Z3JchYFKUwWqo1x/9YdlAkmD1ik7cMSQZboCquP1uJVcXhtbpKmaO6vENGVaarg==",
      "requires": {
        "@codemirror/state": "^0.18.0",
        "@codemirror/view": "^0.18.0"
      }
    },
    "@codemirror/view": {
      "version": "0.18.14",
      "resolved": "https://registry.npmjs.org/@codemirror/view/-/view-0.18.14.tgz",
      "integrity": "sha512-b83favt2XtbV343wzmY4e5lTwYBdpklFZ31jJ/SDGixx6Yj5xTgZd6NU6jkK/XOT40D1rcRoKcQfFbbpjLG1SA==",
      "requires": {
        "@codemirror/rangeset": "^0.18.2",
        "@codemirror/state": "^0.18.0",
        "@codemirror/text": "^0.18.0",
        "style-mod": "^4.0.0",
        "w3c-keyname": "^2.2.4"
      }
    },
    "@defasm/codemirror": {
      "version": "file:codemirror",
      "requires": {
        "@codemirror/highlight": "",
        "@codemirror/language": "",
        "@codemirror/tooltip": "",
        "@codemirror/view": "",
        "@defasm/core": "",
        "lezer-generator": ""
      }
    },
    "@defasm/core": {
      "version": "file:core"
    },
    "esbuild": {
      "version": "0.11.23",
      "resolved": "https://registry.npmjs.org/esbuild/-/esbuild-0.11.23.tgz",
      "integrity": "sha512-iaiZZ9vUF5wJV8ob1tl+5aJTrwDczlvGP0JoMmnpC2B0ppiMCu8n8gmy5ZTGl5bcG081XBVn+U+jP+mPFm5T5Q=="
    },
    "lezer": {
      "version": "0.13.5",
      "resolved": "https://registry.npmjs.org/lezer/-/lezer-0.13.5.tgz",
      "integrity": "sha512-cAiMQZGUo2BD8mpcz7Nv1TlKzWP7YIdIRrX41CiP5bk5t4GHxskOxWUx2iAOuHlz8dO+ivbuXr0J1bfHsWD+lQ==",
      "requires": {
        "lezer-tree": "^0.13.2"
      }
    },
    "lezer-generator": {
      "version": "0.13.4",
      "resolved": "https://registry.npmjs.org/lezer-generator/-/lezer-generator-0.13.4.tgz",
      "integrity": "sha512-pTWxEgw6U41jM/IwMbhPBPonrcQV5YYL3XoY4QPR7ibOjgo2RaF4wVrdabN1ILtBbGvtHZekTGyrbsqfKnMHMA==",
      "requires": {
        "lezer": "^0.13.2"
      }
    },
    "lezer-tree": {
      "version": "0.13.2",
      "resolved": "https://registry.npmjs.org/lezer-tree/-/lezer-tree-0.13.2.tgz",
      "integrity": "sha512-15ZxW8TxVNAOkHIo43Iouv4zbSkQQ5chQHBpwXcD2bBFz46RB4jYLEEww5l1V0xyIx9U2clSyyrLes+hAUFrGQ=="
    },
    "style-mod": {
      "version": "4.0.0",
      "resolved": "https://registry.npmjs.org/style-mod/-/style-mod-4.0.0.tgz",
      "integrity": "sha512-OPhtyEjyyN9x3nhPsu76f52yUGXiZcgvsrFVtvTkyGRQJ0XK+GPc6ov1z+lRpbeabka+MYEQxOYRnt5nF30aMw=="
    },
    "w3c-keyname": {
      "version": "2.2.4",
      "resolved": "https://registry.npmjs.org/w3c-keyname/-/w3c-keyname-2.2.4.tgz",
      "integrity": "sha512-tOhfEwEzFLJzf6d1ZPkYfGj+FWhIpBux9ppoP3rlclw3Z0BZv3N7b7030Z1kYth+6rDuAsXUFr+d0VE6Ed1ikw=="
    }
  }
}
