{
  "requires": true,
  "lockfileVersion": 1,
  "dependencies": {
    "@codemirror/closebrackets": {
      "version": "0.18.0",
      "resolved": "https://registry.npmjs.org/@codemirror/closebrackets/-/closebrackets-0.18.0.tgz",
      "integrity": "sha512-O1RAgUkzF4nq/B8IyXenZKZ1rJi2Mc7I6y4IhWhELiTnjyQy7YdAthTsJ40mNr8kZ6gRbasYe3K7TraITElZJA==",
      "requires": {
        "@codemirror/language": "^0.18.0",
        "@codemirror/rangeset": "^0.18.0",
        "@codemirror/state": "^0.18.0",
        "@codemirror/text": "^0.18.0",
        "@codemirror/view": "^0.18.0"
      }
    },
    "@codemirror/commands": {
      "version": "0.18.3",
      "resolved": "https://registry.npmjs.org/@codemirror/commands/-/commands-0.18.3.tgz",
      "integrity": "sha512-nHYDG13qOirioXTAKmjl10W2L0eZ1ftvmTwvUTNY27UWVBPFSpk5zDXP3WqJ0mgMhQ4AOFLJaTjJEO3hmPComg==",
      "requires": {
        "@codemirror/language": "^0.18.0",
        "@codemirror/matchbrackets": "^0.18.0",
        "@codemirror/state": "^0.18.0",
        "@codemirror/text": "^0.18.0",
        "@codemirror/view": "^0.18.0",
        "lezer-tree": "^0.13.0"
      }
    },
    "@codemirror/gutter": {
      "version": "0.18.4",
      "resolved": "https://registry.npmjs.org/@codemirror/gutter/-/gutter-0.18.4.tgz",
      "integrity": "sha512-Sf2IWshMi9zwVVqpGmd2NRplY0qfrE2IiBEII9n2gB9M8hgIMg5GCyhdnsUDsOm0gcSut65W62vV7/DfYJHQCA==",
      "requires": {
        "@codemirror/rangeset": "^0.18.3",
        "@codemirror/state": "^0.18.0",
        "@codemirror/view": "^0.18.0"
      }
    },
    "@codemirror/highlight": {
      "version": "0.18.4",
      "resolved": "https://registry.npmjs.org/@codemirror/highlight/-/highlight-0.18.4.tgz",
      "integrity": "sha512-3azJntqWrShOIq/0kVcdMc9k7ACL0LQErgK+A6aWXmCj5Mx0gShq+Iajy8AMQ2zB0v3nhCBgFaniL1LLD5m5hQ==",
      "requires": {
        "@codemirror/language": "^0.18.0",
        "@codemirror/rangeset": "^0.18.0",
        "@codemirror/state": "^0.18.0",
        "@codemirror/view": "^0.18.0",
        "lezer-tree": "^0.13.0",
        "style-mod": "^4.0.0"
      }
    },
    "@codemirror/history": {
      "version": "0.18.1",
      "resolved": "https://registry.npmjs.org/@codemirror/history/-/history-0.18.1.tgz",
      "integrity": "sha512-Aad3p4zs6UYKCUMXYjh7cvPK0ajuL+rMib9yBZ61w81LLl6OkM31Xrn9J6CLJmPxCwP3OJFiqBmNSBQ05oIsTw==",
      "requires": {
        "@codemirror/state": "^0.18.3",
        "@codemirror/view": "^0.18.0"
      }
    },
    "@codemirror/language": {
      "version": "0.18.2",
      "resolved": "https://registry.npmjs.org/@codemirror/language/-/language-0.18.2.tgz",
      "integrity": "sha512-2Kz0Xyfvt1Ex2KfTUcYZ3IBxpnFCqHaJijwZknGBT7JXv9dwbOPs9SfPfL4oxVuDIHZx8JTPfoV3LTTJrm8M3Q==",
      "requires": {
        "@codemirror/state": "^0.18.0",
        "@codemirror/text": "^0.18.0",
        "@codemirror/view": "^0.18.0",
        "lezer": "^0.13.4",
        "lezer-tree": "^0.13.0"
      }
    },
    "@codemirror/matchbrackets": {
      "version": "0.18.0",
      "resolved": "https://registry.npmjs.org/@codemirror/matchbrackets/-/matchbrackets-0.18.0.tgz",
      "integrity": "sha512-dPDopnZVkD54sSYdmQbyQbPdiuIA83p7XxX6Hp1ScEkOjukwCiFXiA/84x10FUTsQpUYp8bDzm7gwII119bGIw==",
      "requires": {
        "@codemirror/language": "^0.18.0",
        "@codemirror/state": "^0.18.0",
        "@codemirror/view": "^0.18.0",
        "lezer-tree": "^0.13.0"
      }
    },
    "@codemirror/rangeset": {
      "version": "0.18.3",
      "resolved": "https://registry.npmjs.org/@codemirror/rangeset/-/rangeset-0.18.3.tgz",
      "integrity": "sha512-p6bPVr6Cw0yh/QSelsg0RoNaG4btuzZo7YMT+WFwZsjbr7+X0dVpd2vqLAHIeDUfvOzrEI/dXXPKLpZZgYeU+g==",
      "requires": {
        "@codemirror/state": "^0.18.0"
      }
    },
    "@codemirror/state": {
      "version": "0.18.7",
      "resolved": "https://registry.npmjs.org/@codemirror/state/-/state-0.18.7.tgz",
      "integrity": "sha512-cVyTiAC9vv90NKmGOfNtBjyIem3BqKui1L5Hfcxurp8K9votQj2oH9COcgWPnQ2Xs64yC70tEuTt9DF1pj5PFQ==",
      "requires": {
        "@codemirror/text": "^0.18.0"
      }
    },
    "@codemirror/text": {
      "version": "0.18.0",
      "resolved": "https://registry.npmjs.org/@codemirror/text/-/text-0.18.0.tgz",
      "integrity": "sha512-HMzHNIAbjCiCf3tEJMRg6ul01KPuXxQGNiHlHgAnqPguq/CX+L4Nvj5JlWQAI91Pupk18zhmM1c6eaazX4YeTg=="
    },
    "@codemirror/tooltip": {
      "version": "0.18.4",
      "resolved": "https://registry.npmjs.org/@codemirror/tooltip/-/tooltip-0.18.4.tgz",
      "integrity": "sha512-LDlDOSEfjoG24uapLN7exK3Z3JchYFKUwWqo1x/9YdlAkmD1ik7cMSQZboCquP1uJVcXhtbpKmaO6vENGVaarg==",
      "requires": {
        "@codemirror/state": "^0.18.0",
        "@codemirror/view": "^0.18.0"
      }
    },
    "@codemirror/view": {
      "version": "0.18.17",
      "resolved": "https://registry.npmjs.org/@codemirror/view/-/view-0.18.17.tgz",
      "integrity": "sha512-AneqrYFgQJFZY5CdIRvllaLWL7r966JZK64d05PrScYhhRT6y5iiq0VBO9nxX5Y2gbTXBdO1/eZdtJlhwa6hww==",
      "requires": {
        "@codemirror/rangeset": "^0.18.2",
        "@codemirror/state": "^0.18.0",
        "@codemirror/text": "^0.18.0",
        "style-mod": "^4.0.0",
        "w3c-keyname": "^2.2.4"
      }
    },
    "@defasm/codemirror": {
      "version": "file:codemirror",
      "requires": {
        "@codemirror/highlight": "^0.18.4",
        "@codemirror/language": "^0.18.2",
        "@codemirror/tooltip": "^0.18.4",
        "@codemirror/view": "^0.18.17"
      }
    },
    "@defasm/core": {
      "version": "file:core"
    },
    "esbuild": {
      "version": "0.12.11",
      "resolved": "https://registry.npmjs.org/esbuild/-/esbuild-0.12.11.tgz",
      "integrity": "sha512-h83GwI6lYOrnSv5hSY2i2XZ191v3haj2IGDzwrkfWHhuO/kVMX3RYjhwRNG9E5VSxVLPaUjTVwrv8HWLvhk2nQ=="
    },
    "lezer": {
      "version": "0.13.5",
      "resolved": "https://registry.npmjs.org/lezer/-/lezer-0.13.5.tgz",
      "integrity": "sha512-cAiMQZGUo2BD8mpcz7Nv1TlKzWP7YIdIRrX41CiP5bk5t4GHxskOxWUx2iAOuHlz8dO+ivbuXr0J1bfHsWD+lQ==",
      "requires": {
        "lezer-tree": "^0.13.2"
      }
    },
    "lezer-tree": {
      "version": "0.13.2",
      "resolved": "https://registry.npmjs.org/lezer-tree/-/lezer-tree-0.13.2.tgz",
      "integrity": "sha512-15ZxW8TxVNAOkHIo43Iouv4zbSkQQ5chQHBpwXcD2bBFz46RB4jYLEEww5l1V0xyIx9U2clSyyrLes+hAUFrGQ=="
    },
    "style-mod": {
      "version": "4.0.0",
      "resolved": "https://registry.npmjs.org/style-mod/-/style-mod-4.0.0.tgz",
      "integrity": "sha512-OPhtyEjyyN9x3nhPsu76f52yUGXiZcgvsrFVtvTkyGRQJ0XK+GPc6ov1z+lRpbeabka+MYEQxOYRnt5nF30aMw=="
    },
    "w3c-keyname": {
      "version": "2.2.4",
      "resolved": "https://registry.npmjs.org/w3c-keyname/-/w3c-keyname-2.2.4.tgz",
      "integrity": "sha512-tOhfEwEzFLJzf6d1ZPkYfGj+FWhIpBux9ppoP3rlclw3Z0BZv3N7b7030Z1kYth+6rDuAsXUFr+d0VE6Ed1ikw=="
    }
  }
}
