{
  "name": "defAsm",
  "lockfileVersion": 2,
  "requires": true,
  "packages": {
    "": {
      "dependencies": {
        "@codemirror/gutter": "^0.18.2",
        "@defasm/codemirror": "file:codemirror",
        "@defasm/core": "file:core",
        "esbuild": "^0.11.18"
      }
    },
    "codemirror": {
      "name": "@defasm/codemirror",
      "version": "1.0.0",
      "license": "ISC",
      "dependencies": {
        "@codemirror/highlight": "^0.18.3",
        "@codemirror/language": "^0.18.1",
        "@codemirror/tooltip": "^0.18.4",
        "@codemirror/view": "^0.18.11",
        "@defasm/core": "^1.0.0",
        "lezer-generator": "^0.13.3"
      }
    },
    "core": {
      "version": "1.0.0",
      "license": "ISC",
      "bin": {
        "defasm": "main.js"
      }
    },
    "node_modules/@codemirror/gutter": {
      "version": "0.18.2",
      "resolved": "https://registry.npmjs.org/@codemirror/gutter/-/gutter-0.18.2.tgz",
      "integrity": "sha512-mrmzt6TG9sXSKOjL5LRLv/yPbVdQqVDNSUrisq9OpIHXwZgb2pg9jYhlhw8zdgB952BmENIMr2624I13uy568Q==",
      "dependencies": {
        "@codemirror/rangeset": "^0.18.0",
        "@codemirror/state": "^0.18.0",
        "@codemirror/view": "^0.18.0"
      }
    },
    "node_modules/@codemirror/highlight": {
      "version": "0.18.3",
      "license": "MIT",
      "dependencies": {
        "@codemirror/language": "^0.18.0",
        "@codemirror/rangeset": "^0.18.0",
        "@codemirror/state": "^0.18.0",
        "@codemirror/view": "^0.18.0",
        "lezer-tree": "^0.13.0",
        "style-mod": "^4.0.0"
      }
    },
    "node_modules/@codemirror/language": {
      "version": "0.18.1",
      "license": "MIT",
      "dependencies": {
        "@codemirror/state": "^0.18.0",
        "@codemirror/text": "^0.18.0",
        "@codemirror/view": "^0.18.0",
        "lezer": "^0.13.4",
        "lezer-tree": "^0.13.0"
      }
    },
    "node_modules/@codemirror/rangeset": {
      "version": "0.18.1",
      "license": "MIT",
      "dependencies": {
        "@codemirror/state": "^0.18.0"
      }
    },
    "node_modules/@codemirror/state": {
      "version": "0.18.7",
      "license": "MIT",
      "dependencies": {
        "@codemirror/text": "^0.18.0"
      }
    },
    "node_modules/@codemirror/text": {
      "version": "0.18.0",
      "license": "MIT"
    },
    "node_modules/@codemirror/tooltip": {
      "version": "0.18.4",
      "license": "MIT",
      "dependencies": {
        "@codemirror/state": "^0.18.0",
        "@codemirror/view": "^0.18.0"
      }
    },
    "node_modules/@codemirror/view": {
      "version": "0.18.11",
      "license": "MIT",
      "dependencies": {
        "@codemirror/rangeset": "^0.18.0",
        "@codemirror/state": "^0.18.0",
        "@codemirror/text": "^0.18.0",
        "style-mod": "^4.0.0",
        "w3c-keyname": "^2.2.4"
      }
    },
    "node_modules/@defasm/codemirror": {
      "resolved": "codemirror",
      "link": true
    },
    "node_modules/@defasm/core": {
      "resolved": "core",
      "link": true
    },
    "node_modules/esbuild": {
      "version": "0.11.18",
      "resolved": "https://registry.npmjs.org/esbuild/-/esbuild-0.11.18.tgz",
      "integrity": "sha512-KD7v4N9b5B8bxPUNn/3GA9r0HWo4nJk3iwjZ+2zG1ffg+r8ig+wqj7sW6zgI6Sn4/B2FnbzqWxcAokAGGM5zwQ==",
      "hasInstallScript": true,
      "bin": {
        "esbuild": "bin/esbuild"
      }
    },
    "node_modules/lezer": {
      "version": "0.13.4",
      "license": "MIT",
      "dependencies": {
        "lezer-tree": "^0.13.2"
      }
    },
    "node_modules/lezer-generator": {
      "version": "0.13.3",
      "license": "MIT",
      "dependencies": {
        "lezer": "^0.13.2"
      },
      "bin": {
        "lezer-generator": "dist/lezer-generator.cjs"
      }
    },
    "node_modules/lezer-tree": {
      "version": "0.13.2",
      "license": "MIT"
    },
    "node_modules/style-mod": {
      "version": "4.0.0",
      "license": "MIT"
    },
    "node_modules/w3c-keyname": {
      "version": "2.2.4",
      "license": "MIT"
    }
  },
  "dependencies": {
    "@codemirror/gutter": {
      "version": "0.18.2",
      "resolved": "https://registry.npmjs.org/@codemirror/gutter/-/gutter-0.18.2.tgz",
      "integrity": "sha512-mrmzt6TG9sXSKOjL5LRLv/yPbVdQqVDNSUrisq9OpIHXwZgb2pg9jYhlhw8zdgB952BmENIMr2624I13uy568Q==",
      "requires": {
        "@codemirror/rangeset": "^0.18.0",
        "@codemirror/state": "^0.18.0",
        "@codemirror/view": "^0.18.0"
      }
    },
    "@codemirror/highlight": {
      "version": "0.18.3",
      "requires": {
        "@codemirror/language": "^0.18.0",
        "@codemirror/rangeset": "^0.18.0",
        "@codemirror/state": "^0.18.0",
        "@codemirror/view": "^0.18.0",
        "lezer-tree": "^0.13.0",
        "style-mod": "^4.0.0"
      }
    },
    "@codemirror/language": {
      "version": "0.18.1",
      "requires": {
        "@codemirror/state": "^0.18.0",
        "@codemirror/text": "^0.18.0",
        "@codemirror/view": "^0.18.0",
        "lezer": "^0.13.4",
        "lezer-tree": "^0.13.0"
      }
    },
    "@codemirror/rangeset": {
      "version": "0.18.1",
      "requires": {
        "@codemirror/state": "^0.18.0"
      }
    },
    "@codemirror/state": {
      "version": "0.18.7",
      "requires": {
        "@codemirror/text": "^0.18.0"
      }
    },
    "@codemirror/text": {
      "version": "0.18.0"
    },
    "@codemirror/tooltip": {
      "version": "0.18.4",
      "requires": {
        "@codemirror/state": "^0.18.0",
        "@codemirror/view": "^0.18.0"
      }
    },
    "@codemirror/view": {
      "version": "0.18.11",
      "requires": {
        "@codemirror/rangeset": "^0.18.0",
        "@codemirror/state": "^0.18.0",
        "@codemirror/text": "^0.18.0",
        "style-mod": "^4.0.0",
        "w3c-keyname": "^2.2.4"
      }
    },
    "@defasm/codemirror": {
      "version": "file:codemirror",
      "requires": {
        "@codemirror/highlight": "^0.18.3",
        "@codemirror/language": "^0.18.1",
        "@codemirror/tooltip": "^0.18.4",
        "@codemirror/view": "^0.18.11",
        "@defasm/core": "^1.0.0",
        "lezer-generator": "^0.13.3"
      }
    },
    "@defasm/core": {
      "version": "file:core"
    },
    "esbuild": {
      "version": "0.11.18",
      "resolved": "https://registry.npmjs.org/esbuild/-/esbuild-0.11.18.tgz",
      "integrity": "sha512-KD7v4N9b5B8bxPUNn/3GA9r0HWo4nJk3iwjZ+2zG1ffg+r8ig+wqj7sW6zgI6Sn4/B2FnbzqWxcAokAGGM5zwQ=="
    },
    "lezer": {
      "version": "0.13.4",
      "requires": {
        "lezer-tree": "^0.13.2"
      }
    },
    "lezer-generator": {
      "version": "0.13.3",
      "requires": {
        "lezer": "^0.13.2"
      }
    },
    "lezer-tree": {
      "version": "0.13.2"
    },
    "style-mod": {
      "version": "4.0.0"
    },
    "w3c-keyname": {
      "version": "2.2.4"
    }
  }
}
